
Microsoft Visual Studio Solution File, Format Version 12.00
# Visual Studio Version 16
VisualStudioVersion = 16.0.28803.452
MinimumVisualStudioVersion = 10.0.40219.1
Project("{FAE04EC0-301F-11D3-BF4B-00C04F79EFBC}") = "MumbleLink-CSharp-GW2", "MumbleLink-CSharp-GW2-master\MumbleLink-CSharp-GW2\MumbleLink-CSharp-GW2.csproj", "{8A8D6DC7-81E3-4140-A6AB-25545220311C}"
EndProject
Project("{FAE04EC0-301F-11D3-BF4B-00C04F79EFBC}") = "MumbleLink-CSharp", "MumbleLink-CSharp-GW2-master\MumbleLink-CSharp-d00699ce1d3e639df7ffd666c10b12df0250e338\MumbleLink-CSharp\MumbleLink-CSharp.csproj", "{F7D52E49-75C2-4578-820F-1B03E5E05E4F}"
EndProject
Project("{9A19103F-16F7-4668-BE54-9A1E7A4F7556}") = "TacoLib", "TacoLib\TacoLib.csproj", "{87958782-7298-4294-A9F8-71AE4A0BF748}"
EndProject
Project("{FAE04EC0-301F-11D3-BF4B-00C04F79EFBC}") = "TacoCli", "TacoCli\TacoCli.csproj", "{4545A062-AD2E-4C67-A9A8-260621EA5680}"
EndProject
Project("{FAE04EC0-301F-11D3-BF4B-00C04F79EFBC}") = "WebSocketServerNetFramework", "WebSocketServerNetFramework\WebSocketServerNetFramework.csproj", "{3A7928A2-58D2-4875-A18C-543DDA7F1219}"
EndProject
Global
	GlobalSection(SolutionConfigurationPlatforms) = preSolution
		Debug|Any CPU = Debug|Any CPU
		Release|Any CPU = Release|Any CPU
	EndGlobalSection
	GlobalSection(ProjectConfigurationPlatforms) = postSolution
		{8A8D6DC7-81E3-4140-A6AB-25545220311C}.Debug|Any CPU.ActiveCfg = Debug|Any CPU
		{8A8D6DC7-81E3-4140-A6AB-25545220311C}.Debug|Any CPU.Build.0 = Debug|Any CPU
		{8A8D6DC7-81E3-4140-A6AB-25545220311C}.Release|Any CPU.ActiveCfg = Release|Any CPU
		{8A8D6DC7-81E3-4140-A6AB-25545220311C}.Release|Any CPU.Build.0 = Release|Any CPU
		{F7D52E49-75C2-4578-820F-1B03E5E05E4F}.Debug|Any CPU.ActiveCfg = Debug|Any CPU
		{F7D52E49-75C2-4578-820F-1B03E5E05E4F}.Debug|Any CPU.Build.0 = Debug|Any CPU
		{F7D52E49-75C2-4578-820F-1B03E5E05E4F}.Release|Any CPU.ActiveCfg = Release|Any CPU
		{F7D52E49-75C2-4578-820F-1B03E5E05E4F}.Release|Any CPU.Build.0 = Release|Any CPU
		{87958782-7298-4294-A9F8-71AE4A0BF748}.Debug|Any CPU.ActiveCfg = Debug|Any CPU
		{87958782-7298-4294-A9F8-71AE4A0BF748}.Debug|Any CPU.Build.0 = Debug|Any CPU
		{87958782-7298-4294-A9F8-71AE4A0BF748}.Release|Any CPU.ActiveCfg = Release|Any CPU
		{87958782-7298-4294-A9F8-71AE4A0BF748}.Release|Any CPU.Build.0 = Release|Any CPU
		{4545A062-AD2E-4C67-A9A8-260621EA5680}.Debug|Any CPU.ActiveCfg = Debug|Any CPU
		{4545A062-AD2E-4C67-A9A8-260621EA5680}.Debug|Any CPU.Build.0 = Debug|Any CPU
		{4545A062-AD2E-4C67-A9A8-260621EA5680}.Release|Any CPU.ActiveCfg = Release|Any CPU
		{4545A062-AD2E-4C67-A9A8-260621EA5680}.Release|Any CPU.Build.0 = Release|Any CPU
		{3A7928A2-58D2-4875-A18C-543DDA7F1219}.Debug|Any CPU.ActiveCfg = Debug|Any CPU
		{3A7928A2-58D2-4875-A18C-543DDA7F1219}.Debug|Any CPU.Build.0 = Debug|Any CPU
		{3A7928A2-58D2-4875-A18C-543DDA7F1219}.Release|Any CPU.ActiveCfg = Release|Any CPU
		{3A7928A2-58D2-4875-A18C-543DDA7F1219}.Release|Any CPU.Build.0 = Release|Any CPU
	EndGlobalSection
	GlobalSection(SolutionProperties) = preSolution
		HideSolutionNode = FALSE
	EndGlobalSection
	GlobalSection(ExtensibilityGlobals) = postSolution
		SolutionGuid = {03D8EF3E-2D83-4199-BE07-873D990E7DAA}
	EndGlobalSection
EndGlobal
